
Microsoft Visual Studio Solution File, Format Version 12.00
# Visual Studio 15
VisualStudioVersion = 15.0.28010.2026
MinimumVisualStudioVersion = 10.0.40219.1
Project("{9A19103F-16F7-4668-BE54-9A1E7A4F7556}") = "PinterestService.Client", "PinterestWrapper.Client\PinterestService.Client.csproj", "{E79405ED-88E6-4856-AF88-9B931659C55C}"
EndProject
Project("{9A19103F-16F7-4668-BE54-9A1E7A4F7556}") = "PinterestService.Tests", "PinterestService.Tests\PinterestService.Tests.csproj", "{4C8F3924-CC1E-4679-85DD-875FD867E126}"
EndProject
Project("{2150E333-8FDC-42A3-9474-1A3956D46DE8}") = "Solution Items", "Solution Items", "{58072831-3CD5-469F-96BD-8B6D383230CD}"
	ProjectSection(SolutionItems) = preProject
		..\azure-pipelines.yml = ..\azure-pipelines.yml
		NuGet.config = NuGet.config
	EndProjectSection
EndProject
Global
	GlobalSection(SolutionConfigurationPlatforms) = preSolution
		Debug|Any CPU = Debug|Any CPU
		Release|Any CPU = Release|Any CPU
	EndGlobalSection
	GlobalSection(ProjectConfigurationPlatforms) = postSolution
		{E79405ED-88E6-4856-AF88-9B931659C55C}.Debug|Any CPU.ActiveCfg = Debug|Any CPU
		{E79405ED-88E6-4856-AF88-9B931659C55C}.Debug|Any CPU.Build.0 = Debug|Any CPU
		{E79405ED-88E6-4856-AF88-9B931659C55C}.Release|Any CPU.ActiveCfg = Release|Any CPU
		{E79405ED-88E6-4856-AF88-9B931659C55C}.Release|Any CPU.Build.0 = Release|Any CPU
		{4C8F3924-CC1E-4679-85DD-875FD867E126}.Debug|Any CPU.ActiveCfg = Debug|Any CPU
		{4C8F3924-CC1E-4679-85DD-875FD867E126}.Debug|Any CPU.Build.0 = Debug|Any CPU
		{4C8F3924-CC1E-4679-85DD-875FD867E126}.Release|Any CPU.ActiveCfg = Release|Any CPU
		{4C8F3924-CC1E-4679-85DD-875FD867E126}.Release|Any CPU.Build.0 = Release|Any CPU
	EndGlobalSection
	GlobalSection(SolutionProperties) = preSolution
		HideSolutionNode = FALSE
	EndGlobalSection
	GlobalSection(ExtensibilityGlobals) = postSolution
		SolutionGuid = {9FF604B4-BAB8-4E98-8306-923083321F2F}
	EndGlobalSection
EndGlobal
